// !$*UTF8*$!
{
	archiveVersion = 1;
	classes = {
	};
	objectVersion = 46;
	objects = {

/* Begin PBXBuildFile section */
		C30C137F1D53FAE700FC4354 /* ProfileViewController.swift in Sources */ = {isa = PBXBuildFile; fileRef = C30C137E1D53FAE700FC4354 /* ProfileViewController.swift */; };
		C31E5D3A1D554BA900B7F06C /* Slice.swift in Sources */ = {isa = PBXBuildFile; fileRef = C31E5D391D554BA900B7F06C /* Slice.swift */; };
		C31E5D3E1D56B05800B7F06C /* DonateViewController.swift in Sources */ = {isa = PBXBuildFile; fileRef = C31E5D3D1D56B05800B7F06C /* DonateViewController.swift */; };
		C33F49EC1D3435B000D1CC81 /* AppDelegate.swift in Sources */ = {isa = PBXBuildFile; fileRef = C33F49EB1D3435B000D1CC81 /* AppDelegate.swift */; };
		C33F49F11D3435B000D1CC81 /* Main.storyboard in Resources */ = {isa = PBXBuildFile; fileRef = C33F49EF1D3435B000D1CC81 /* Main.storyboard */; };
		C33F49F31D3435B000D1CC81 /* Assets.xcassets in Resources */ = {isa = PBXBuildFile; fileRef = C33F49F21D3435B000D1CC81 /* Assets.xcassets */; };
		C33F49F61D3435B000D1CC81 /* LaunchScreen.storyboard in Resources */ = {isa = PBXBuildFile; fileRef = C33F49F41D3435B000D1CC81 /* LaunchScreen.storyboard */; };
		C34E11A01D3E98B500643482 /* CompanyNotesTableViewCell.swift in Sources */ = {isa = PBXBuildFile; fileRef = C34E119F1D3E98B500643482 /* CompanyNotesTableViewCell.swift */; };
		C34E11A41D3E9DD500643482 /* CompanyNotesTableViewController.swift in Sources */ = {isa = PBXBuildFile; fileRef = C34E11A31D3E9DD500643482 /* CompanyNotesTableViewController.swift */; };
		C34E11A71D3EBE6E00643482 /* Company.swift in Sources */ = {isa = PBXBuildFile; fileRef = C34E11A61D3EBE6D00643482 /* Company.swift */; };
		C34E11A91D3EEA2B00643482 /* LocateCompanyViewController.swift in Sources */ = {isa = PBXBuildFile; fileRef = C34E11A81D3EEA2A00643482 /* LocateCompanyViewController.swift */; };
		C35E686C1D5A8768008504E6 /* SignUpViewController.swift in Sources */ = {isa = PBXBuildFile; fileRef = C35E686B1D5A8767008504E6 /* SignUpViewController.swift */; };
		C35EAB0F1D36DED7000F59A5 /* ErrorHandling.swift in Sources */ = {isa = PBXBuildFile; fileRef = C35EAB0E1D36DED7000F59A5 /* ErrorHandling.swift */; };
		C35EAB431D37064E000F59A5 /* ParseLoginHelper.swift in Sources */ = {isa = PBXBuildFile; fileRef = C35EAB421D37064E000F59A5 /* ParseLoginHelper.swift */; };
		C35EAB4B1D3828EF000F59A5 /* Pacifico.ttf in Resources */ = {isa = PBXBuildFile; fileRef = C35EAB4A1D3828EF000F59A5 /* Pacifico.ttf */; };
		C35EAB511D3863D9000F59A5 /* LoginViewController.swift in Sources */ = {isa = PBXBuildFile; fileRef = C35EAB501D3863D9000F59A5 /* LoginViewController.swift */; };
		C368564E1D40207D00A41885 /* LocationSearchTable.swift in Sources */ = {isa = PBXBuildFile; fileRef = C368564D1D40207C00A41885 /* LocationSearchTable.swift */; };
		C36AFC5E1D529EFE0065366A /* IconHelper.swift in Sources */ = {isa = PBXBuildFile; fileRef = C36AFC5D1D529EFD0065366A /* IconHelper.swift */; };
		C37AE2DE1D359C7500F3C0B0 /* UserViewController.swift in Sources */ = {isa = PBXBuildFile; fileRef = C37AE2DD1D359C7500F3C0B0 /* UserViewController.swift */; };
		C38B5FA01D39753600440B0C /* PhotoTakingHelper.swift in Sources */ = {isa = PBXBuildFile; fileRef = C38B5F9F1D39753600440B0C /* PhotoTakingHelper.swift */; };
		C38E7BCF1D53C9CD0044EBFC /* AboutViewController.swift in Sources */ = {isa = PBXBuildFile; fileRef = C38E7BCE1D53C9CD0044EBFC /* AboutViewController.swift */; };
		C3EB81CD1D42E19F000345C7 /* PanoramaIndicator.swift in Sources */ = {isa = PBXBuildFile; fileRef = C3EB81CB1D42E19F000345C7 /* PanoramaIndicator.swift */; };
		C3EB81CE1D42E19F000345C7 /* PanoramaView.swift in Sources */ = {isa = PBXBuildFile; fileRef = C3EB81CC1D42E19F000345C7 /* PanoramaView.swift */; };
		D494E3BB9F1CBB98CA2F430B /* Pods_Feed_Me_.framework in Frameworks */ = {isa = PBXBuildFile; fileRef = 45A4CAB8F47B73EE4AE9772B /* Pods_Feed_Me_.framework */; };
/* End PBXBuildFile section */

/* Begin PBXFileReference section */
		0EB390BE726D5F45ED5B3CC9 /* Pods-Feed Me!.debug.xcconfig */ = {isa = PBXFileReference; includeInIndex = 1; lastKnownFileType = text.xcconfig; name = "Pods-Feed Me!.debug.xcconfig"; path = "Pods/Target Support Files/Pods-Feed Me!/Pods-Feed Me!.debug.xcconfig"; sourceTree = "<group>"; };
		45A4CAB8F47B73EE4AE9772B /* Pods_Feed_Me_.framework */ = {isa = PBXFileReference; explicitFileType = wrapper.framework; includeInIndex = 0; path = Pods_Feed_Me_.framework; sourceTree = BUILT_PRODUCTS_DIR; };
		5CCAD3E8B20EFAD3EBF8E459 /* Pods-Feed Me!.release.xcconfig */ = {isa = PBXFileReference; includeInIndex = 1; lastKnownFileType = text.xcconfig; name = "Pods-Feed Me!.release.xcconfig"; path = "Pods/Target Support Files/Pods-Feed Me!/Pods-Feed Me!.release.xcconfig"; sourceTree = "<group>"; };
		C30C137E1D53FAE700FC4354 /* ProfileViewController.swift */ = {isa = PBXFileReference; fileEncoding = 4; lastKnownFileType = sourcecode.swift; path = ProfileViewController.swift; sourceTree = "<group>"; };
		C31E5D391D554BA900B7F06C /* Slice.swift */ = {isa = PBXFileReference; fileEncoding = 4; lastKnownFileType = sourcecode.swift; path = Slice.swift; sourceTree = "<group>"; };
		C31E5D3D1D56B05800B7F06C /* DonateViewController.swift */ = {isa = PBXFileReference; fileEncoding = 4; lastKnownFileType = sourcecode.swift; path = DonateViewController.swift; sourceTree = "<group>"; };
		C32BDE401D35B78F0096678F /* Feed-Me-Bridgin-Header.h */ = {isa = PBXFileReference; lastKnownFileType = sourcecode.c.h; path = "Feed-Me-Bridgin-Header.h"; sourceTree = "<group>"; };
		C33F49E81D3435B000D1CC81 /* Feed Me!.app */ = {isa = PBXFileReference; explicitFileType = wrapper.application; includeInIndex = 0; path = "Feed Me!.app"; sourceTree = BUILT_PRODUCTS_DIR; };
		C33F49EB1D3435B000D1CC81 /* AppDelegate.swift */ = {isa = PBXFileReference; lastKnownFileType = sourcecode.swift; path = AppDelegate.swift; sourceTree = "<group>"; };
		C33F49F01D3435B000D1CC81 /* Base */ = {isa = PBXFileReference; lastKnownFileType = file.storyboard; name = Base; path = Base.lproj/Main.storyboard; sourceTree = "<group>"; };
		C33F49F21D3435B000D1CC81 /* Assets.xcassets */ = {isa = PBXFileReference; lastKnownFileType = folder.assetcatalog; path = Assets.xcassets; sourceTree = "<group>"; };
		C33F49F51D3435B000D1CC81 /* Base */ = {isa = PBXFileReference; lastKnownFileType = file.storyboard; name = Base; path = Base.lproj/LaunchScreen.storyboard; sourceTree = "<group>"; };
		C33F49F71D3435B000D1CC81 /* Info.plist */ = {isa = PBXFileReference; lastKnownFileType = text.plist.xml; name = Info.plist; path = "/Users/Administrator/Desktop/Make School Projects/Feed-Me--master/Feed Me!/Info.plist"; sourceTree = "<absolute>"; };
		C34E119F1D3E98B500643482 /* CompanyNotesTableViewCell.swift */ = {isa = PBXFileReference; fileEncoding = 4; lastKnownFileType = sourcecode.swift; path = CompanyNotesTableViewCell.swift; sourceTree = "<group>"; };
		C34E11A31D3E9DD500643482 /* CompanyNotesTableViewController.swift */ = {isa = PBXFileReference; fileEncoding = 4; lastKnownFileType = sourcecode.swift; path = CompanyNotesTableViewController.swift; sourceTree = "<group>"; };
		C34E11A61D3EBE6D00643482 /* Company.swift */ = {isa = PBXFileReference; fileEncoding = 4; lastKnownFileType = sourcecode.swift; path = Company.swift; sourceTree = "<group>"; };
		C34E11A81D3EEA2A00643482 /* LocateCompanyViewController.swift */ = {isa = PBXFileReference; fileEncoding = 4; lastKnownFileType = sourcecode.swift; path = LocateCompanyViewController.swift; sourceTree = "<group>"; };
		C35614CC1D47E4C000C6D5B8 /* Feed Me!.entitlements */ = {isa = PBXFileReference; lastKnownFileType = text.xml; path = "Feed Me!.entitlements"; sourceTree = "<group>"; };
		C35E686B1D5A8767008504E6 /* SignUpViewController.swift */ = {isa = PBXFileReference; fileEncoding = 4; lastKnownFileType = sourcecode.swift; path = SignUpViewController.swift; sourceTree = "<group>"; };
		C35EAB0E1D36DED7000F59A5 /* ErrorHandling.swift */ = {isa = PBXFileReference; fileEncoding = 4; lastKnownFileType = sourcecode.swift; path = ErrorHandling.swift; sourceTree = "<group>"; };
		C35EAB421D37064E000F59A5 /* ParseLoginHelper.swift */ = {isa = PBXFileReference; fileEncoding = 4; lastKnownFileType = sourcecode.swift; path = ParseLoginHelper.swift; sourceTree = "<group>"; };
		C35EAB4A1D3828EF000F59A5 /* Pacifico.ttf */ = {isa = PBXFileReference; lastKnownFileType = file; path = Pacifico.ttf; sourceTree = "<group>"; };
		C35EAB501D3863D9000F59A5 /* LoginViewController.swift */ = {isa = PBXFileReference; fileEncoding = 4; lastKnownFileType = sourcecode.swift; path = LoginViewController.swift; sourceTree = "<group>"; };
		C368564D1D40207C00A41885 /* LocationSearchTable.swift */ = {isa = PBXFileReference; fileEncoding = 4; lastKnownFileType = sourcecode.swift; path = LocationSearchTable.swift; sourceTree = "<group>"; };
		C36AFC5D1D529EFD0065366A /* IconHelper.swift */ = {isa = PBXFileReference; fileEncoding = 4; lastKnownFileType = sourcecode.swift; path = IconHelper.swift; sourceTree = "<group>"; };
		C37AE2DD1D359C7500F3C0B0 /* UserViewController.swift */ = {isa = PBXFileReference; fileEncoding = 4; lastKnownFileType = sourcecode.swift; path = UserViewController.swift; sourceTree = "<group>"; };
		C38B5F9F1D39753600440B0C /* PhotoTakingHelper.swift */ = {isa = PBXFileReference; fileEncoding = 4; lastKnownFileType = sourcecode.swift; path = PhotoTakingHelper.swift; sourceTree = "<group>"; };
		C38E7BCE1D53C9CD0044EBFC /* AboutViewController.swift */ = {isa = PBXFileReference; fileEncoding = 4; lastKnownFileType = sourcecode.swift; path = AboutViewController.swift; sourceTree = "<group>"; };
		C3EB81CB1D42E19F000345C7 /* PanoramaIndicator.swift */ = {isa = PBXFileReference; fileEncoding = 4; lastKnownFileType = sourcecode.swift; path = PanoramaIndicator.swift; sourceTree = "<group>"; };
		C3EB81CC1D42E19F000345C7 /* PanoramaView.swift */ = {isa = PBXFileReference; fileEncoding = 4; lastKnownFileType = sourcecode.swift; path = PanoramaView.swift; sourceTree = "<group>"; };
/* End PBXFileReference section */

/* Begin PBXFrameworksBuildPhase section */
		C33F49E51D3435B000D1CC81 /* Frameworks */ = {
			isa = PBXFrameworksBuildPhase;
			buildActionMask = 2147483647;
			files = (
				D494E3BB9F1CBB98CA2F430B /* Pods_Feed_Me_.framework in Frameworks */,
			);
			runOnlyForDeploymentPostprocessing = 0;
		};
/* End PBXFrameworksBuildPhase section */

/* Begin PBXGroup section */
		B6BB398561E2E81717EFA1DF /* Frameworks */ = {
			isa = PBXGroup;
			children = (
				45A4CAB8F47B73EE4AE9772B /* Pods_Feed_Me_.framework */,
			);
			name = Frameworks;
			sourceTree = "<group>";
		};
		C33F49DF1D3435B000D1CC81 = {
			isa = PBXGroup;
			children = (
				C33F49EA1D3435B000D1CC81 /* Feed Me! */,
				C33F49E91D3435B000D1CC81 /* Products */,
				DC7C320A3C6BDA51A0AB18EA /* Pods */,
				B6BB398561E2E81717EFA1DF /* Frameworks */,
			);
			sourceTree = "<group>";
		};
		C33F49E91D3435B000D1CC81 /* Products */ = {
			isa = PBXGroup;
			children = (
				C33F49E81D3435B000D1CC81 /* Feed Me!.app */,
			);
			name = Products;
			sourceTree = "<group>";
		};
		C33F49EA1D3435B000D1CC81 /* Feed Me! */ = {
			isa = PBXGroup;
			children = (
				C35614CC1D47E4C000C6D5B8 /* Feed Me!.entitlements */,
				C3BF67C51D45D5BA00D3140C /* Panorama */,
				C35EAB0D1D36DE44000F59A5 /* Helpers */,
				C37AE2DA1D359C4400F3C0B0 /* View Controllers */,
				C368564C1D40205A00A41885 /* Maps */,
				C34E119E1D3E97CF00643482 /* Contributors */,
				C34E11A51D3EBE4A00643482 /* Models */,
				C368564F1D40276200A41885 /* Supporting Files */,
				C33F49EF1D3435B000D1CC81 /* Main.storyboard */,
				C33F49EB1D3435B000D1CC81 /* AppDelegate.swift */,
				C33F49F21D3435B000D1CC81 /* Assets.xcassets */,
				C33F49F41D3435B000D1CC81 /* LaunchScreen.storyboard */,
			);
			path = "Feed Me!";
			sourceTree = "<group>";
		};
		C34E119E1D3E97CF00643482 /* Contributors */ = {
			isa = PBXGroup;
			children = (
				C34E119F1D3E98B500643482 /* CompanyNotesTableViewCell.swift */,
			);
			name = Contributors;
			sourceTree = "<group>";
		};
		C34E11A51D3EBE4A00643482 /* Models */ = {
			isa = PBXGroup;
			children = (
				C34E11A61D3EBE6D00643482 /* Company.swift */,
				C31E5D391D554BA900B7F06C /* Slice.swift */,
			);
			name = Models;
			sourceTree = "<group>";
		};
		C35EAB0D1D36DE44000F59A5 /* Helpers */ = {
			isa = PBXGroup;
			children = (
				C38B5F9F1D39753600440B0C /* PhotoTakingHelper.swift */,
				C35EAB421D37064E000F59A5 /* ParseLoginHelper.swift */,
				C35EAB0E1D36DED7000F59A5 /* ErrorHandling.swift */,
				C36AFC5D1D529EFD0065366A /* IconHelper.swift */,
			);
			name = Helpers;
			sourceTree = "<group>";
		};
		C368564C1D40205A00A41885 /* Maps */ = {
			isa = PBXGroup;
			children = (
				C34E11A81D3EEA2A00643482 /* LocateCompanyViewController.swift */,
				C368564D1D40207C00A41885 /* LocationSearchTable.swift */,
			);
			name = Maps;
			sourceTree = "<group>";
		};
		C368564F1D40276200A41885 /* Supporting Files */ = {
			isa = PBXGroup;
			children = (
				C35EAB4A1D3828EF000F59A5 /* Pacifico.ttf */,
				C33F49F71D3435B000D1CC81 /* Info.plist */,
				C32BDE401D35B78F0096678F /* Feed-Me-Bridgin-Header.h */,
			);
			name = "Supporting Files";
			sourceTree = "<group>";
		};
		C37AE2DA1D359C4400F3C0B0 /* View Controllers */ = {
			isa = PBXGroup;
			children = (
				C35EAB501D3863D9000F59A5 /* LoginViewController.swift */,
				C37AE2DD1D359C7500F3C0B0 /* UserViewController.swift */,
				C34E11A31D3E9DD500643482 /* CompanyNotesTableViewController.swift */,
				C38E7BCE1D53C9CD0044EBFC /* AboutViewController.swift */,
				C30C137E1D53FAE700FC4354 /* ProfileViewController.swift */,
				C31E5D3D1D56B05800B7F06C /* DonateViewController.swift */,
				C35E686B1D5A8767008504E6 /* SignUpViewController.swift */,
			);
			name = "View Controllers";
			sourceTree = "<group>";
		};
		C3BF67C51D45D5BA00D3140C /* Panorama */ = {
			isa = PBXGroup;
			children = (
				C3EB81CC1D42E19F000345C7 /* PanoramaView.swift */,
				C3EB81CB1D42E19F000345C7 /* PanoramaIndicator.swift */,
			);
			name = Panorama;
			sourceTree = "<group>";
		};
		DC7C320A3C6BDA51A0AB18EA /* Pods */ = {
			isa = PBXGroup;
			children = (
				0EB390BE726D5F45ED5B3CC9 /* Pods-Feed Me!.debug.xcconfig */,
				5CCAD3E8B20EFAD3EBF8E459 /* Pods-Feed Me!.release.xcconfig */,
			);
			name = Pods;
			sourceTree = "<group>";
		};
/* End PBXGroup section */

/* Begin PBXNativeTarget section */
		C33F49E71D3435B000D1CC81 /* Feed Me! */ = {
			isa = PBXNativeTarget;
			buildConfigurationList = C33F49FA1D3435B000D1CC81 /* Build configuration list for PBXNativeTarget "Feed Me!" */;
			buildPhases = (
				6FBCD5A9B48EC5448979F79C /* [CP] Check Pods Manifest.lock */,
				C33F49E41D3435B000D1CC81 /* Sources */,
				C33F49E51D3435B000D1CC81 /* Frameworks */,
				C33F49E61D3435B000D1CC81 /* Resources */,
				A47866F15218CE577C7AC2EB /* [CP] Embed Pods Frameworks */,
				0FCC702EBFF5E0CE0BF86B6B /* [CP] Copy Pods Resources */,
			);
			buildRules = (
			);
			dependencies = (
			);
			name = "Feed Me!";
			productName = "Feed Me!";
			productReference = C33F49E81D3435B000D1CC81 /* Feed Me!.app */;
			productType = "com.apple.product-type.application";
		};
/* End PBXNativeTarget section */

/* Begin PBXProject section */
		C33F49E01D3435B000D1CC81 /* Project object */ = {
			isa = PBXProject;
			attributes = {
				LastSwiftUpdateCheck = 0730;
				LastUpgradeCheck = 0730;
				ORGANIZATIONNAME = "Chris Chueh";
				TargetAttributes = {
					C33F49E71D3435B000D1CC81 = {
						CreatedOnToolsVersion = 7.3.1;
						DevelopmentTeam = LKCKKC372M;
						SystemCapabilities = {
							com.apple.OMC = {
								enabled = 0;
							};
						};
					};
				};
			};
			buildConfigurationList = C33F49E31D3435B000D1CC81 /* Build configuration list for PBXProject "Feed Me!" */;
			compatibilityVersion = "Xcode 3.2";
			developmentRegion = English;
			hasScannedForEncodings = 0;
			knownRegions = (
				en,
				Base,
			);
			mainGroup = C33F49DF1D3435B000D1CC81;
			productRefGroup = C33F49E91D3435B000D1CC81 /* Products */;
			projectDirPath = "";
			projectRoot = "";
			targets = (
				C33F49E71D3435B000D1CC81 /* Feed Me! */,
			);
		};
/* End PBXProject section */

/* Begin PBXResourcesBuildPhase section */
		C33F49E61D3435B000D1CC81 /* Resources */ = {
			isa = PBXResourcesBuildPhase;
			buildActionMask = 2147483647;
			files = (
				C33F49F61D3435B000D1CC81 /* LaunchScreen.storyboard in Resources */,
				C33F49F31D3435B000D1CC81 /* Assets.xcassets in Resources */,
				C35EAB4B1D3828EF000F59A5 /* Pacifico.ttf in Resources */,
				C33F49F11D3435B000D1CC81 /* Main.storyboard in Resources */,
			);
			runOnlyForDeploymentPostprocessing = 0;
		};
/* End PBXResourcesBuildPhase section */

/* Begin PBXShellScriptBuildPhase section */
		0FCC702EBFF5E0CE0BF86B6B /* [CP] Copy Pods Resources */ = {
			isa = PBXShellScriptBuildPhase;
			buildActionMask = 2147483647;
			files = (
			);
			inputPaths = (
			);
			name = "[CP] Copy Pods Resources";
			outputPaths = (
			);
			runOnlyForDeploymentPostprocessing = 0;
			shellPath = /bin/sh;
			shellScript = "\"${SRCROOT}/Pods/Target Support Files/Pods-Feed Me!/Pods-Feed Me!-resources.sh\"\n";
			showEnvVarsInLog = 0;
		};
		6FBCD5A9B48EC5448979F79C /* [CP] Check Pods Manifest.lock */ = {
			isa = PBXShellScriptBuildPhase;
			buildActionMask = 2147483647;
			files = (
			);
			inputPaths = (
			);
			name = "[CP] Check Pods Manifest.lock";
			outputPaths = (
			);
			runOnlyForDeploymentPostprocessing = 0;
			shellPath = /bin/sh;
			shellScript = "diff \"${PODS_ROOT}/../Podfile.lock\" \"${PODS_ROOT}/Manifest.lock\" > /dev/null\nif [[ $? != 0 ]] ; then\n    cat << EOM\nerror: The sandbox is not in sync with the Podfile.lock. Run 'pod install' or update your CocoaPods installation.\nEOM\n    exit 1\nfi\n";
			showEnvVarsInLog = 0;
		};
		A47866F15218CE577C7AC2EB /* [CP] Embed Pods Frameworks */ = {
			isa = PBXShellScriptBuildPhase;
			buildActionMask = 2147483647;
			files = (
			);
			inputPaths = (
			);
			name = "[CP] Embed Pods Frameworks";
			outputPaths = (
			);
			runOnlyForDeploymentPostprocessing = 0;
			shellPath = /bin/sh;
			shellScript = "\"${SRCROOT}/Pods/Target Support Files/Pods-Feed Me!/Pods-Feed Me!-frameworks.sh\"\n";
			showEnvVarsInLog = 0;
		};
/* End PBXShellScriptBuildPhase section */

/* Begin PBXSourcesBuildPhase section */
		C33F49E41D3435B000D1CC81 /* Sources */ = {
			isa = PBXSourcesBuildPhase;
			buildActionMask = 2147483647;
			files = (
				C3EB81CD1D42E19F000345C7 /* PanoramaIndicator.swift in Sources */,
				C368564E1D40207D00A41885 /* LocationSearchTable.swift in Sources */,
				C35EAB511D3863D9000F59A5 /* LoginViewController.swift in Sources */,
				C3EB81CE1D42E19F000345C7 /* PanoramaView.swift in Sources */,
				C31E5D3A1D554BA900B7F06C /* Slice.swift in Sources */,
				C36AFC5E1D529EFE0065366A /* IconHelper.swift in Sources */,
				C37AE2DE1D359C7500F3C0B0 /* UserViewController.swift in Sources */,
				C34E11A91D3EEA2B00643482 /* LocateCompanyViewController.swift in Sources */,
				C30C137F1D53FAE700FC4354 /* ProfileViewController.swift in Sources */,
				C38B5FA01D39753600440B0C /* PhotoTakingHelper.swift in Sources */,
				C34E11A01D3E98B500643482 /* CompanyNotesTableViewCell.swift in Sources */,
				C38E7BCF1D53C9CD0044EBFC /* AboutViewController.swift in Sources */,
				C31E5D3E1D56B05800B7F06C /* DonateViewController.swift in Sources */,
				C35EAB431D37064E000F59A5 /* ParseLoginHelper.swift in Sources */,
				C35E686C1D5A8768008504E6 /* SignUpViewController.swift in Sources */,
				C33F49EC1D3435B000D1CC81 /* AppDelegate.swift in Sources */,
				C34E11A71D3EBE6E00643482 /* Company.swift in Sources */,
				C34E11A41D3E9DD500643482 /* CompanyNotesTableViewController.swift in Sources */,
				C35EAB0F1D36DED7000F59A5 /* ErrorHandling.swift in Sources */,
			);
			runOnlyForDeploymentPostprocessing = 0;
		};
/* End PBXSourcesBuildPhase section */

/* Begin PBXVariantGroup section */
		C33F49EF1D3435B000D1CC81 /* Main.storyboard */ = {
			isa = PBXVariantGroup;
			children = (
				C33F49F01D3435B000D1CC81 /* Base */,
			);
			name = Main.storyboard;
			sourceTree = "<group>";
		};
		C33F49F41D3435B000D1CC81 /* LaunchScreen.storyboard */ = {
			isa = PBXVariantGroup;
			children = (
				C33F49F51D3435B000D1CC81 /* Base */,
			);
			name = LaunchScreen.storyboard;
			sourceTree = "<group>";
		};
/* End PBXVariantGroup section */

/* Begin XCBuildConfiguration section */
		C33F49F81D3435B000D1CC81 /* Debug */ = {
			isa = XCBuildConfiguration;
			buildSettings = {
				ALWAYS_SEARCH_USER_PATHS = NO;
				CLANG_ANALYZER_NONNULL = YES;
				CLANG_CXX_LANGUAGE_STANDARD = "gnu++0x";
				CLANG_CXX_LIBRARY = "libc++";
				CLANG_ENABLE_MODULES = YES;
				CLANG_ENABLE_OBJC_ARC = YES;
				CLANG_WARN_BOOL_CONVERSION = YES;
				CLANG_WARN_CONSTANT_CONVERSION = YES;
				CLANG_WARN_DIRECT_OBJC_ISA_USAGE = YES_ERROR;
				CLANG_WARN_EMPTY_BODY = YES;
				CLANG_WARN_ENUM_CONVERSION = YES;
				CLANG_WARN_INT_CONVERSION = YES;
				CLANG_WARN_OBJC_ROOT_CLASS = YES_ERROR;
				CLANG_WARN_UNREACHABLE_CODE = YES;
				CLANG_WARN__DUPLICATE_METHOD_MATCH = YES;
				"CODE_SIGN_IDENTITY[sdk=iphoneos*]" = "iPhone Developer";
				COPY_PHASE_STRIP = NO;
				DEBUG_INFORMATION_FORMAT = dwarf;
				ENABLE_STRICT_OBJC_MSGSEND = YES;
				ENABLE_TESTABILITY = YES;
				GCC_C_LANGUAGE_STANDARD = gnu99;
				GCC_DYNAMIC_NO_PIC = NO;
				GCC_NO_COMMON_BLOCKS = YES;
				GCC_OPTIMIZATION_LEVEL = 0;
				GCC_PREPROCESSOR_DEFINITIONS = (
					"DEBUG=1",
					"$(inherited)",
				);
				GCC_WARN_64_TO_32_BIT_CONVERSION = YES;
				GCC_WARN_ABOUT_RETURN_TYPE = YES_ERROR;
				GCC_WARN_UNDECLARED_SELECTOR = YES;
				GCC_WARN_UNINITIALIZED_AUTOS = YES_AGGRESSIVE;
				GCC_WARN_UNUSED_FUNCTION = YES;
				GCC_WARN_UNUSED_VARIABLE = YES;
				IPHONEOS_DEPLOYMENT_TARGET = 9.3;
				MTL_ENABLE_DEBUG_INFO = YES;
				ONLY_ACTIVE_ARCH = YES;
				PROVISIONING_PROFILE = "0b214497-ef36-4c7f-845e-7fd3b3e31d26";
				SDKROOT = iphoneos;
				SWIFT_OBJC_BRIDGING_HEADER = "Feed-Me-Bridgin-Header.h";
				SWIFT_OPTIMIZATION_LEVEL = "-Onone";
			};
			name = Debug;
		};
		C33F49F91D3435B000D1CC81 /* Release */ = {
			isa = XCBuildConfiguration;
			buildSettings = {
				ALWAYS_SEARCH_USER_PATHS = NO;
				CLANG_ANALYZER_NONNULL = YES;
				CLANG_CXX_LANGUAGE_STANDARD = "gnu++0x";
				CLANG_CXX_LIBRARY = "libc++";
				CLANG_ENABLE_MODULES = YES;
				CLANG_ENABLE_OBJC_ARC = YES;
				CLANG_WARN_BOOL_CONVERSION = YES;
				CLANG_WARN_CONSTANT_CONVERSION = YES;
				CLANG_WARN_DIRECT_OBJC_ISA_USAGE = YES_ERROR;
				CLANG_WARN_EMPTY_BODY = YES;
				CLANG_WARN_ENUM_CONVERSION = YES;
				CLANG_WARN_INT_CONVERSION = YES;
				CLANG_WARN_OBJC_ROOT_CLASS = YES_ERROR;
				CLANG_WARN_UNREACHABLE_CODE = YES;
				CLANG_WARN__DUPLICATE_METHOD_MATCH = YES;
				CODE_SIGN_IDENTITY = "iPhone Distribution";
				"CODE_SIGN_IDENTITY[sdk=iphoneos*]" = "iPhone Developer";
				COPY_PHASE_STRIP = NO;
				DEBUG_INFORMATION_FORMAT = "dwarf-with-dsym";
				ENABLE_NS_ASSERTIONS = NO;
				ENABLE_STRICT_OBJC_MSGSEND = YES;
				GCC_C_LANGUAGE_STANDARD = gnu99;
				GCC_NO_COMMON_BLOCKS = YES;
				GCC_WARN_64_TO_32_BIT_CONVERSION = YES;
				GCC_WARN_ABOUT_RETURN_TYPE = YES_ERROR;
				GCC_WARN_UNDECLARED_SELECTOR = YES;
				GCC_WARN_UNINITIALIZED_AUTOS = YES_AGGRESSIVE;
				GCC_WARN_UNUSED_FUNCTION = YES;
				GCC_WARN_UNUSED_VARIABLE = YES;
				IPHONEOS_DEPLOYMENT_TARGET = 9.3;
				MTL_ENABLE_DEBUG_INFO = NO;
				PROVISIONING_PROFILE = "0b214497-ef36-4c7f-845e-7fd3b3e31d26";
				SDKROOT = iphoneos;
				SWIFT_OBJC_BRIDGING_HEADER = "Feed-Me-Bridgin-Header.h";
				VALIDATE_PRODUCT = YES;
			};
			name = Release;
		};
		C33F49FB1D3435B000D1CC81 /* Debug */ = {
			isa = XCBuildConfiguration;
			baseConfigurationReference = 0EB390BE726D5F45ED5B3CC9 /* Pods-Feed Me!.debug.xcconfig */;
			buildSettings = {
				ASSETCATALOG_COMPILER_APPICON_NAME = AppIcon;
				CODE_SIGN_IDENTITY = "iPhone Developer";
				"CODE_SIGN_IDENTITY[sdk=iphoneos*]" = "iPhone Developer";
				FRAMEWORK_SEARCH_PATHS = (
					"$(inherited)",
					"$(PROJECT_DIR)",
				);
				INFOPLIST_FILE = "Feed Me!/Info.plist";
				LD_RUNPATH_SEARCH_PATHS = "$(inherited) @executable_path/Frameworks";
				PRODUCT_BUNDLE_IDENTIFIER = "com.chc3cc.feed-me";
				PRODUCT_NAME = "$(TARGET_NAME)";
				PROVISIONING_PROFILE = "";
				SWIFT_OBJC_BRIDGING_HEADER = "Feed-Me-Bridgin-Header.h";
			};
			name = Debug;
		};
		C33F49FC1D3435B000D1CC81 /* Release */ = {
			isa = XCBuildConfiguration;
			baseConfigurationReference = 5CCAD3E8B20EFAD3EBF8E459 /* Pods-Feed Me!.release.xcconfig */;
			buildSettings = {
				ASSETCATALOG_COMPILER_APPICON_NAME = AppIcon;
				CODE_SIGN_IDENTITY = "iPhone Developer";
				"CODE_SIGN_IDENTITY[sdk=iphoneos*]" = "iPhone Developer";
				FRAMEWORK_SEARCH_PATHS = (
					"$(inherited)",
					"$(PROJECT_DIR)",
				);
				INFOPLIST_FILE = "Feed Me!/Info.plist";
				LD_RUNPATH_SEARCH_PATHS = "$(inherited) @executable_path/Frameworks";
				PRODUCT_BUNDLE_IDENTIFIER = "com.chc3cc.feed-me";
				PRODUCT_NAME = "$(TARGET_NAME)";
				PROVISIONING_PROFILE = "";
				SWIFT_OBJC_BRIDGING_HEADER = "Feed-Me-Bridgin-Header.h";
			};
			name = Release;
		};
/* End XCBuildConfiguration section */

/* Begin XCConfigurationList section */
		C33F49E31D3435B000D1CC81 /* Build configuration list for PBXProject "Feed Me!" */ = {
			isa = XCConfigurationList;
			buildConfigurations = (
				C33F49F81D3435B000D1CC81 /* Debug */,
				C33F49F91D3435B000D1CC81 /* Release */,
			);
			defaultConfigurationIsVisible = 0;
			defaultConfigurationName = Release;
		};
		C33F49FA1D3435B000D1CC81 /* Build configuration list for PBXNativeTarget "Feed Me!" */ = {
			isa = XCConfigurationList;
			buildConfigurations = (
				C33F49FB1D3435B000D1CC81 /* Debug */,
				C33F49FC1D3435B000D1CC81 /* Release */,
			);
			defaultConfigurationIsVisible = 0;
			defaultConfigurationName = Release;
		};
/* End XCConfigurationList section */
	};
	rootObject = C33F49E01D3435B000D1CC81 /* Project object */;
}
